
Microsoft Visual Studio Solution File, Format Version 12.00
# Visual Studio Version 17
VisualStudioVersion = 17.0.31903.59
MinimumVisualStudioVersion = 10.0.40219.1
Project("{2150E333-8FDC-42A3-9474-1A3956D46DE8}") = "src", "src", "{827E0CD3-B72D-47B6-A68D-7590B98EB39B}"
EndProject
Project("{FAE04EC0-301F-11D3-BF4B-00C04F79EFBC}") = "Nexus.Auth.OAuth2", "src\Nexus.Auth.OAuth2\Nexus.Auth.OAuth2.csproj", "{C55F1101-0F7A-49C6-B0E2-4988E5A79CB2}"
EndProject
Project("{FAE04EC0-301F-11D3-BF4B-00C04F79EFBC}") = "Nexus.Core", "src\Nexus.Core\Nexus.Core.csproj", "{2D07A1C8-AB30-4027-A8E0-7386265E6668}"
EndProject
Project("{FAE04EC0-301F-11D3-BF4B-00C04F79EFBC}") = "Nexus.Guardrails", "src\Nexus.Guardrails\Nexus.Guardrails.csproj", "{7F31D06A-39E0-4AAB-9590-BC28CAA04DAC}"
EndProject
Project("{FAE04EC0-301F-11D3-BF4B-00C04F79EFBC}") = "Nexus.Hosting.AspNetCore", "src\Nexus.Hosting.AspNetCore\Nexus.Hosting.AspNetCore.csproj", "{7E73AD97-B738-4A8D-AB58-D95CC67104E9}"
EndProject
Project("{FAE04EC0-301F-11D3-BF4B-00C04F79EFBC}") = "Nexus.Memory", "src\Nexus.Memory\Nexus.Memory.csproj", "{78EC85DE-BD18-4B80-BB88-349591DAE64A}"
EndProject
Project("{FAE04EC0-301F-11D3-BF4B-00C04F79EFBC}") = "Nexus.Messaging", "src\Nexus.Messaging\Nexus.Messaging.csproj", "{F991181B-6007-4223-965E-934A3359D84F}"
EndProject
Project("{FAE04EC0-301F-11D3-BF4B-00C04F79EFBC}") = "Nexus.Orchestration", "src\Nexus.Orchestration\Nexus.Orchestration.csproj", "{2E8444D7-C0FC-4C36-B852-5E811BA16FA2}"
EndProject
Project("{FAE04EC0-301F-11D3-BF4B-00C04F79EFBC}") = "Nexus.Orchestration.Checkpointing", "src\Nexus.Orchestration.Checkpointing\Nexus.Orchestration.Checkpointing.csproj", "{7705387F-D1C9-414B-AE01-3C0BE04B4B27}"
EndProject
Project("{FAE04EC0-301F-11D3-BF4B-00C04F79EFBC}") = "Nexus.Protocols.A2A", "src\Nexus.Protocols.A2A\Nexus.Protocols.A2A.csproj", "{56DE3007-D487-43AC-BECE-B9BF914046C8}"
EndProject
Project("{FAE04EC0-301F-11D3-BF4B-00C04F79EFBC}") = "Nexus.Protocols.AgUi", "src\Nexus.Protocols.AgUi\Nexus.Protocols.AgUi.csproj", "{87A92E24-5374-4F31-92B3-5E21E2D276F8}"
EndProject
Project("{FAE04EC0-301F-11D3-BF4B-00C04F79EFBC}") = "Nexus.Protocols.Mcp", "src\Nexus.Protocols.Mcp\Nexus.Protocols.Mcp.csproj", "{0E38CCD7-BD34-4740-BDA3-9F13ABFC31FE}"
EndProject
Project("{FAE04EC0-301F-11D3-BF4B-00C04F79EFBC}") = "Nexus.Telemetry", "src\Nexus.Telemetry\Nexus.Telemetry.csproj", "{0F413AFD-AA00-45DE-9775-5F2E38DFEA33}"
EndProject
Project("{FAE04EC0-301F-11D3-BF4B-00C04F79EFBC}") = "Nexus.Testing", "src\Nexus.Testing\Nexus.Testing.csproj", "{67A37B5A-8406-4021-B64D-83BFE94844CB}"
EndProject
Project("{FAE04EC0-301F-11D3-BF4B-00C04F79EFBC}") = "Nexus.Workflows.Dsl", "src\Nexus.Workflows.Dsl\Nexus.Workflows.Dsl.csproj", "{5E01947F-E2FC-43B1-9187-808F9BD671FE}"
EndProject
Project("{2150E333-8FDC-42A3-9474-1A3956D46DE8}") = "tests", "tests", "{0AB3BF05-4346-4AA6-1389-037BE0695223}"
EndProject
Project("{FAE04EC0-301F-11D3-BF4B-00C04F79EFBC}") = "Nexus.Core.Tests", "tests\Nexus.Core.Tests\Nexus.Core.Tests.csproj", "{4F21EF6B-6A9C-44B8-8540-1AB85063A406}"
EndProject
Project("{FAE04EC0-301F-11D3-BF4B-00C04F79EFBC}") = "Nexus.Guardrails.Tests", "tests\Nexus.Guardrails.Tests\Nexus.Guardrails.Tests.csproj", "{5ADAED9F-85B7-4664-A08C-C17F10912BBB}"
EndProject
Project("{FAE04EC0-301F-11D3-BF4B-00C04F79EFBC}") = "Nexus.Integration.Tests", "tests\Nexus.Integration.Tests\Nexus.Integration.Tests.csproj", "{A819FB77-BF18-4CE1-8371-0351065495B9}"
EndProject
Project("{FAE04EC0-301F-11D3-BF4B-00C04F79EFBC}") = "Nexus.Memory.Tests", "tests\Nexus.Memory.Tests\Nexus.Memory.Tests.csproj", "{CBD5378C-1626-4684-9C44-783B267D77E0}"
EndProject
Project("{FAE04EC0-301F-11D3-BF4B-00C04F79EFBC}") = "Nexus.Messaging.Tests", "tests\Nexus.Messaging.Tests\Nexus.Messaging.Tests.csproj", "{1BCFF2B5-A9CE-4CD8-91B2-6B52D599BB62}"
EndProject
Project("{FAE04EC0-301F-11D3-BF4B-00C04F79EFBC}") = "Nexus.Orchestration.Tests", "tests\Nexus.Orchestration.Tests\Nexus.Orchestration.Tests.csproj", "{94B2F32C-4B4E-4363-BFBE-977A753785F3}"
EndProject
Project("{FAE04EC0-301F-11D3-BF4B-00C04F79EFBC}") = "Nexus.Workflows.Dsl.Tests", "tests\Nexus.Workflows.Dsl.Tests\Nexus.Workflows.Dsl.Tests.csproj", "{F2E0EC91-EF80-4174-956F-BEB0AAC20B03}"
EndProject
Project("{2150E333-8FDC-42A3-9474-1A3956D46DE8}") = "examples", "examples", "{B36A84DF-456D-A817-6EDD-3EC3E7F6E11F}"
EndProject
Project("{FAE04EC0-301F-11D3-BF4B-00C04F79EFBC}") = "Nexus.Examples.Minimal", "examples\Nexus.Examples.Minimal\Nexus.Examples.Minimal.csproj", "{6AC6D45D-A36C-4C80-B82B-92ED3E558D84}"
EndProject
Project("{FAE04EC0-301F-11D3-BF4B-00C04F79EFBC}") = "Nexus.Examples.MultiAgent", "examples\Nexus.Examples.MultiAgent\Nexus.Examples.MultiAgent.csproj", "{5C9B9C2A-28DE-47A8-A024-C5E09F54A898}"
EndProject
Project("{FAE04EC0-301F-11D3-BF4B-00C04F79EFBC}") = "Nexus.Cli", "examples\Nexus.Cli\Nexus.Cli.csproj", "{CFF61297-EFF5-4E76-BAD4-15EF6EF78237}"
EndProject
Project("{FAE04EC0-301F-11D3-BF4B-00C04F79EFBC}") = "Nexus.Cli.Tests", "tests\Nexus.Cli.Tests\Nexus.Cli.Tests.csproj", "{FCA4D40F-56F8-474C-87E8-FA2E126640D7}"
EndProject
Global
	GlobalSection(SolutionConfigurationPlatforms) = preSolution
		Debug|Any CPU = Debug|Any CPU
		Debug|x64 = Debug|x64
		Debug|x86 = Debug|x86
		Release|Any CPU = Release|Any CPU
		Release|x64 = Release|x64
		Release|x86 = Release|x86
	EndGlobalSection
	GlobalSection(ProjectConfigurationPlatforms) = postSolution
		{C55F1101-0F7A-49C6-B0E2-4988E5A79CB2}.Debug|Any CPU.ActiveCfg = Debug|Any CPU
		{C55F1101-0F7A-49C6-B0E2-4988E5A79CB2}.Debug|Any CPU.Build.0 = Debug|Any CPU
		{C55F1101-0F7A-49C6-B0E2-4988E5A79CB2}.Debug|x64.ActiveCfg = Debug|Any CPU
		{C55F1101-0F7A-49C6-B0E2-4988E5A79CB2}.Debug|x64.Build.0 = Debug|Any CPU
		{C55F1101-0F7A-49C6-B0E2-4988E5A79CB2}.Debug|x86.ActiveCfg = Debug|Any CPU
		{C55F1101-0F7A-49C6-B0E2-4988E5A79CB2}.Debug|x86.Build.0 = Debug|Any CPU
		{C55F1101-0F7A-49C6-B0E2-4988E5A79CB2}.Release|Any CPU.ActiveCfg = Release|Any CPU
		{C55F1101-0F7A-49C6-B0E2-4988E5A79CB2}.Release|Any CPU.Build.0 = Release|Any CPU
		{C55F1101-0F7A-49C6-B0E2-4988E5A79CB2}.Release|x64.ActiveCfg = Release|Any CPU
		{C55F1101-0F7A-49C6-B0E2-4988E5A79CB2}.Release|x64.Build.0 = Release|Any CPU
		{C55F1101-0F7A-49C6-B0E2-4988E5A79CB2}.Release|x86.ActiveCfg = Release|Any CPU
		{C55F1101-0F7A-49C6-B0E2-4988E5A79CB2}.Release|x86.Build.0 = Release|Any CPU
		{2D07A1C8-AB30-4027-A8E0-7386265E6668}.Debug|Any CPU.ActiveCfg = Debug|Any CPU
		{2D07A1C8-AB30-4027-A8E0-7386265E6668}.Debug|Any CPU.Build.0 = Debug|Any CPU
		{2D07A1C8-AB30-4027-A8E0-7386265E6668}.Debug|x64.ActiveCfg = Debug|Any CPU
		{2D07A1C8-AB30-4027-A8E0-7386265E6668}.Debug|x64.Build.0 = Debug|Any CPU
		{2D07A1C8-AB30-4027-A8E0-7386265E6668}.Debug|x86.ActiveCfg = Debug|Any CPU
		{2D07A1C8-AB30-4027-A8E0-7386265E6668}.Debug|x86.Build.0 = Debug|Any CPU
		{2D07A1C8-AB30-4027-A8E0-7386265E6668}.Release|Any CPU.ActiveCfg = Release|Any CPU
		{2D07A1C8-AB30-4027-A8E0-7386265E6668}.Release|Any CPU.Build.0 = Release|Any CPU
		{2D07A1C8-AB30-4027-A8E0-7386265E6668}.Release|x64.ActiveCfg = Release|Any CPU
		{2D07A1C8-AB30-4027-A8E0-7386265E6668}.Release|x64.Build.0 = Release|Any CPU
		{2D07A1C8-AB30-4027-A8E0-7386265E6668}.Release|x86.ActiveCfg = Release|Any CPU
		{2D07A1C8-AB30-4027-A8E0-7386265E6668}.Release|x86.Build.0 = Release|Any CPU
		{7F31D06A-39E0-4AAB-9590-BC28CAA04DAC}.Debug|Any CPU.ActiveCfg = Debug|Any CPU
		{7F31D06A-39E0-4AAB-9590-BC28CAA04DAC}.Debug|Any CPU.Build.0 = Debug|Any CPU
		{7F31D06A-39E0-4AAB-9590-BC28CAA04DAC}.Debug|x64.ActiveCfg = Debug|Any CPU
		{7F31D06A-39E0-4AAB-9590-BC28CAA04DAC}.Debug|x64.Build.0 = Debug|Any CPU
		{7F31D06A-39E0-4AAB-9590-BC28CAA04DAC}.Debug|x86.ActiveCfg = Debug|Any CPU
		{7F31D06A-39E0-4AAB-9590-BC28CAA04DAC}.Debug|x86.Build.0 = Debug|Any CPU
		{7F31D06A-39E0-4AAB-9590-BC28CAA04DAC}.Release|Any CPU.ActiveCfg = Release|Any CPU
		{7F31D06A-39E0-4AAB-9590-BC28CAA04DAC}.Release|Any CPU.Build.0 = Release|Any CPU
		{7F31D06A-39E0-4AAB-9590-BC28CAA04DAC}.Release|x64.ActiveCfg = Release|Any CPU
		{7F31D06A-39E0-4AAB-9590-BC28CAA04DAC}.Release|x64.Build.0 = Release|Any CPU
		{7F31D06A-39E0-4AAB-9590-BC28CAA04DAC}.Release|x86.ActiveCfg = Release|Any CPU
		{7F31D06A-39E0-4AAB-9590-BC28CAA04DAC}.Release|x86.Build.0 = Release|Any CPU
		{7E73AD97-B738-4A8D-AB58-D95CC67104E9}.Debug|Any CPU.ActiveCfg = Debug|Any CPU
		{7E73AD97-B738-4A8D-AB58-D95CC67104E9}.Debug|Any CPU.Build.0 = Debug|Any CPU
		{7E73AD97-B738-4A8D-AB58-D95CC67104E9}.Debug|x64.ActiveCfg = Debug|Any CPU
		{7E73AD97-B738-4A8D-AB58-D95CC67104E9}.Debug|x64.Build.0 = Debug|Any CPU
		{7E73AD97-B738-4A8D-AB58-D95CC67104E9}.Debug|x86.ActiveCfg = Debug|Any CPU
		{7E73AD97-B738-4A8D-AB58-D95CC67104E9}.Debug|x86.Build.0 = Debug|Any CPU
		{7E73AD97-B738-4A8D-AB58-D95CC67104E9}.Release|Any CPU.ActiveCfg = Release|Any CPU
		{7E73AD97-B738-4A8D-AB58-D95CC67104E9}.Release|Any CPU.Build.0 = Release|Any CPU
		{7E73AD97-B738-4A8D-AB58-D95CC67104E9}.Release|x64.ActiveCfg = Release|Any CPU
		{7E73AD97-B738-4A8D-AB58-D95CC67104E9}.Release|x64.Build.0 = Release|Any CPU
		{7E73AD97-B738-4A8D-AB58-D95CC67104E9}.Release|x86.ActiveCfg = Release|Any CPU
		{7E73AD97-B738-4A8D-AB58-D95CC67104E9}.Release|x86.Build.0 = Release|Any CPU
		{78EC85DE-BD18-4B80-BB88-349591DAE64A}.Debug|Any CPU.ActiveCfg = Debug|Any CPU
		{78EC85DE-BD18-4B80-BB88-349591DAE64A}.Debug|Any CPU.Build.0 = Debug|Any CPU
		{78EC85DE-BD18-4B80-BB88-349591DAE64A}.Debug|x64.ActiveCfg = Debug|Any CPU
		{78EC85DE-BD18-4B80-BB88-349591DAE64A}.Debug|x64.Build.0 = Debug|Any CPU
		{78EC85DE-BD18-4B80-BB88-349591DAE64A}.Debug|x86.ActiveCfg = Debug|Any CPU
		{78EC85DE-BD18-4B80-BB88-349591DAE64A}.Debug|x86.Build.0 = Debug|Any CPU
		{78EC85DE-BD18-4B80-BB88-349591DAE64A}.Release|Any CPU.ActiveCfg = Release|Any CPU
		{78EC85DE-BD18-4B80-BB88-349591DAE64A}.Release|Any CPU.Build.0 = Release|Any CPU
		{78EC85DE-BD18-4B80-BB88-349591DAE64A}.Release|x64.ActiveCfg = Release|Any CPU
		{78EC85DE-BD18-4B80-BB88-349591DAE64A}.Release|x64.Build.0 = Release|Any CPU
		{78EC85DE-BD18-4B80-BB88-349591DAE64A}.Release|x86.ActiveCfg = Release|Any CPU
		{78EC85DE-BD18-4B80-BB88-349591DAE64A}.Release|x86.Build.0 = Release|Any CPU
		{F991181B-6007-4223-965E-934A3359D84F}.Debug|Any CPU.ActiveCfg = Debug|Any CPU
		{F991181B-6007-4223-965E-934A3359D84F}.Debug|Any CPU.Build.0 = Debug|Any CPU
		{F991181B-6007-4223-965E-934A3359D84F}.Debug|x64.ActiveCfg = Debug|Any CPU
		{F991181B-6007-4223-965E-934A3359D84F}.Debug|x64.Build.0 = Debug|Any CPU
		{F991181B-6007-4223-965E-934A3359D84F}.Debug|x86.ActiveCfg = Debug|Any CPU
		{F991181B-6007-4223-965E-934A3359D84F}.Debug|x86.Build.0 = Debug|Any CPU
		{F991181B-6007-4223-965E-934A3359D84F}.Release|Any CPU.ActiveCfg = Release|Any CPU
		{F991181B-6007-4223-965E-934A3359D84F}.Release|Any CPU.Build.0 = Release|Any CPU
		{F991181B-6007-4223-965E-934A3359D84F}.Release|x64.ActiveCfg = Release|Any CPU
		{F991181B-6007-4223-965E-934A3359D84F}.Release|x64.Build.0 = Release|Any CPU
		{F991181B-6007-4223-965E-934A3359D84F}.Release|x86.ActiveCfg = Release|Any CPU
		{F991181B-6007-4223-965E-934A3359D84F}.Release|x86.Build.0 = Release|Any CPU
		{2E8444D7-C0FC-4C36-B852-5E811BA16FA2}.Debug|Any CPU.ActiveCfg = Debug|Any CPU
		{2E8444D7-C0FC-4C36-B852-5E811BA16FA2}.Debug|Any CPU.Build.0 = Debug|Any CPU
		{2E8444D7-C0FC-4C36-B852-5E811BA16FA2}.Debug|x64.ActiveCfg = Debug|Any CPU
		{2E8444D7-C0FC-4C36-B852-5E811BA16FA2}.Debug|x64.Build.0 = Debug|Any CPU
		{2E8444D7-C0FC-4C36-B852-5E811BA16FA2}.Debug|x86.ActiveCfg = Debug|Any CPU
		{2E8444D7-C0FC-4C36-B852-5E811BA16FA2}.Debug|x86.Build.0 = Debug|Any CPU
		{2E8444D7-C0FC-4C36-B852-5E811BA16FA2}.Release|Any CPU.ActiveCfg = Release|Any CPU
		{2E8444D7-C0FC-4C36-B852-5E811BA16FA2}.Release|Any CPU.Build.0 = Release|Any CPU
		{2E8444D7-C0FC-4C36-B852-5E811BA16FA2}.Release|x64.ActiveCfg = Release|Any CPU
		{2E8444D7-C0FC-4C36-B852-5E811BA16FA2}.Release|x64.Build.0 = Release|Any CPU
		{2E8444D7-C0FC-4C36-B852-5E811BA16FA2}.Release|x86.ActiveCfg = Release|Any CPU
		{2E8444D7-C0FC-4C36-B852-5E811BA16FA2}.Release|x86.Build.0 = Release|Any CPU
		{7705387F-D1C9-414B-AE01-3C0BE04B4B27}.Debug|Any CPU.ActiveCfg = Debug|Any CPU
		{7705387F-D1C9-414B-AE01-3C0BE04B4B27}.Debug|Any CPU.Build.0 = Debug|Any CPU
		{7705387F-D1C9-414B-AE01-3C0BE04B4B27}.Debug|x64.ActiveCfg = Debug|Any CPU
		{7705387F-D1C9-414B-AE01-3C0BE04B4B27}.Debug|x64.Build.0 = Debug|Any CPU
		{7705387F-D1C9-414B-AE01-3C0BE04B4B27}.Debug|x86.ActiveCfg = Debug|Any CPU
		{7705387F-D1C9-414B-AE01-3C0BE04B4B27}.Debug|x86.Build.0 = Debug|Any CPU
		{7705387F-D1C9-414B-AE01-3C0BE04B4B27}.Release|Any CPU.ActiveCfg = Release|Any CPU
		{7705387F-D1C9-414B-AE01-3C0BE04B4B27}.Release|Any CPU.Build.0 = Release|Any CPU
		{7705387F-D1C9-414B-AE01-3C0BE04B4B27}.Release|x64.ActiveCfg = Release|Any CPU
		{7705387F-D1C9-414B-AE01-3C0BE04B4B27}.Release|x64.Build.0 = Release|Any CPU
		{7705387F-D1C9-414B-AE01-3C0BE04B4B27}.Release|x86.ActiveCfg = Release|Any CPU
		{7705387F-D1C9-414B-AE01-3C0BE04B4B27}.Release|x86.Build.0 = Release|Any CPU
		{56DE3007-D487-43AC-BECE-B9BF914046C8}.Debug|Any CPU.ActiveCfg = Debug|Any CPU
		{56DE3007-D487-43AC-BECE-B9BF914046C8}.Debug|Any CPU.Build.0 = Debug|Any CPU
		{56DE3007-D487-43AC-BECE-B9BF914046C8}.Debug|x64.ActiveCfg = Debug|Any CPU
		{56DE3007-D487-43AC-BECE-B9BF914046C8}.Debug|x64.Build.0 = Debug|Any CPU
		{56DE3007-D487-43AC-BECE-B9BF914046C8}.Debug|x86.ActiveCfg = Debug|Any CPU
		{56DE3007-D487-43AC-BECE-B9BF914046C8}.Debug|x86.Build.0 = Debug|Any CPU
		{56DE3007-D487-43AC-BECE-B9BF914046C8}.Release|Any CPU.ActiveCfg = Release|Any CPU
		{56DE3007-D487-43AC-BECE-B9BF914046C8}.Release|Any CPU.Build.0 = Release|Any CPU
		{56DE3007-D487-43AC-BECE-B9BF914046C8}.Release|x64.ActiveCfg = Release|Any CPU
		{56DE3007-D487-43AC-BECE-B9BF914046C8}.Release|x64.Build.0 = Release|Any CPU
		{56DE3007-D487-43AC-BECE-B9BF914046C8}.Release|x86.ActiveCfg = Release|Any CPU
		{56DE3007-D487-43AC-BECE-B9BF914046C8}.Release|x86.Build.0 = Release|Any CPU
		{87A92E24-5374-4F31-92B3-5E21E2D276F8}.Debug|Any CPU.ActiveCfg = Debug|Any CPU
		{87A92E24-5374-4F31-92B3-5E21E2D276F8}.Debug|Any CPU.Build.0 = Debug|Any CPU
		{87A92E24-5374-4F31-92B3-5E21E2D276F8}.Debug|x64.ActiveCfg = Debug|Any CPU
		{87A92E24-5374-4F31-92B3-5E21E2D276F8}.Debug|x64.Build.0 = Debug|Any CPU
		{87A92E24-5374-4F31-92B3-5E21E2D276F8}.Debug|x86.ActiveCfg = Debug|Any CPU
		{87A92E24-5374-4F31-92B3-5E21E2D276F8}.Debug|x86.Build.0 = Debug|Any CPU
		{87A92E24-5374-4F31-92B3-5E21E2D276F8}.Release|Any CPU.ActiveCfg = Release|Any CPU
		{87A92E24-5374-4F31-92B3-5E21E2D276F8}.Release|Any CPU.Build.0 = Release|Any CPU
		{87A92E24-5374-4F31-92B3-5E21E2D276F8}.Release|x64.ActiveCfg = Release|Any CPU
		{87A92E24-5374-4F31-92B3-5E21E2D276F8}.Release|x64.Build.0 = Release|Any CPU
		{87A92E24-5374-4F31-92B3-5E21E2D276F8}.Release|x86.ActiveCfg = Release|Any CPU
		{87A92E24-5374-4F31-92B3-5E21E2D276F8}.Release|x86.Build.0 = Release|Any CPU
		{0E38CCD7-BD34-4740-BDA3-9F13ABFC31FE}.Debug|Any CPU.ActiveCfg = Debug|Any CPU
		{0E38CCD7-BD34-4740-BDA3-9F13ABFC31FE}.Debug|Any CPU.Build.0 = Debug|Any CPU
		{0E38CCD7-BD34-4740-BDA3-9F13ABFC31FE}.Debug|x64.ActiveCfg = Debug|Any CPU
		{0E38CCD7-BD34-4740-BDA3-9F13ABFC31FE}.Debug|x64.Build.0 = Debug|Any CPU
		{0E38CCD7-BD34-4740-BDA3-9F13ABFC31FE}.Debug|x86.ActiveCfg = Debug|Any CPU
		{0E38CCD7-BD34-4740-BDA3-9F13ABFC31FE}.Debug|x86.Build.0 = Debug|Any CPU
		{0E38CCD7-BD34-4740-BDA3-9F13ABFC31FE}.Release|Any CPU.ActiveCfg = Release|Any CPU
		{0E38CCD7-BD34-4740-BDA3-9F13ABFC31FE}.Release|Any CPU.Build.0 = Release|Any CPU
		{0E38CCD7-BD34-4740-BDA3-9F13ABFC31FE}.Release|x64.ActiveCfg = Release|Any CPU
		{0E38CCD7-BD34-4740-BDA3-9F13ABFC31FE}.Release|x64.Build.0 = Release|Any CPU
		{0E38CCD7-BD34-4740-BDA3-9F13ABFC31FE}.Release|x86.ActiveCfg = Release|Any CPU
		{0E38CCD7-BD34-4740-BDA3-9F13ABFC31FE}.Release|x86.Build.0 = Release|Any CPU
		{0F413AFD-AA00-45DE-9775-5F2E38DFEA33}.Debug|Any CPU.ActiveCfg = Debug|Any CPU
		{0F413AFD-AA00-45DE-9775-5F2E38DFEA33}.Debug|Any CPU.Build.0 = Debug|Any CPU
		{0F413AFD-AA00-45DE-9775-5F2E38DFEA33}.Debug|x64.ActiveCfg = Debug|Any CPU
		{0F413AFD-AA00-45DE-9775-5F2E38DFEA33}.Debug|x64.Build.0 = Debug|Any CPU
		{0F413AFD-AA00-45DE-9775-5F2E38DFEA33}.Debug|x86.ActiveCfg = Debug|Any CPU
		{0F413AFD-AA00-45DE-9775-5F2E38DFEA33}.Debug|x86.Build.0 = Debug|Any CPU
		{0F413AFD-AA00-45DE-9775-5F2E38DFEA33}.Release|Any CPU.ActiveCfg = Release|Any CPU
		{0F413AFD-AA00-45DE-9775-5F2E38DFEA33}.Release|Any CPU.Build.0 = Release|Any CPU
		{0F413AFD-AA00-45DE-9775-5F2E38DFEA33}.Release|x64.ActiveCfg = Release|Any CPU
		{0F413AFD-AA00-45DE-9775-5F2E38DFEA33}.Release|x64.Build.0 = Release|Any CPU
		{0F413AFD-AA00-45DE-9775-5F2E38DFEA33}.Release|x86.ActiveCfg = Release|Any CPU
		{0F413AFD-AA00-45DE-9775-5F2E38DFEA33}.Release|x86.Build.0 = Release|Any CPU
		{67A37B5A-8406-4021-B64D-83BFE94844CB}.Debug|Any CPU.ActiveCfg = Debug|Any CPU
		{67A37B5A-8406-4021-B64D-83BFE94844CB}.Debug|Any CPU.Build.0 = Debug|Any CPU
		{67A37B5A-8406-4021-B64D-83BFE94844CB}.Debug|x64.ActiveCfg = Debug|Any CPU
		{67A37B5A-8406-4021-B64D-83BFE94844CB}.Debug|x64.Build.0 = Debug|Any CPU
		{67A37B5A-8406-4021-B64D-83BFE94844CB}.Debug|x86.ActiveCfg = Debug|Any CPU
		{67A37B5A-8406-4021-B64D-83BFE94844CB}.Debug|x86.Build.0 = Debug|Any CPU
		{67A37B5A-8406-4021-B64D-83BFE94844CB}.Release|Any CPU.ActiveCfg = Release|Any CPU
		{67A37B5A-8406-4021-B64D-83BFE94844CB}.Release|Any CPU.Build.0 = Release|Any CPU
		{67A37B5A-8406-4021-B64D-83BFE94844CB}.Release|x64.ActiveCfg = Release|Any CPU
		{67A37B5A-8406-4021-B64D-83BFE94844CB}.Release|x64.Build.0 = Release|Any CPU
		{67A37B5A-8406-4021-B64D-83BFE94844CB}.Release|x86.ActiveCfg = Release|Any CPU
		{67A37B5A-8406-4021-B64D-83BFE94844CB}.Release|x86.Build.0 = Release|Any CPU
		{5E01947F-E2FC-43B1-9187-808F9BD671FE}.Debug|Any CPU.ActiveCfg = Debug|Any CPU
		{5E01947F-E2FC-43B1-9187-808F9BD671FE}.Debug|Any CPU.Build.0 = Debug|Any CPU
		{5E01947F-E2FC-43B1-9187-808F9BD671FE}.Debug|x64.ActiveCfg = Debug|Any CPU
		{5E01947F-E2FC-43B1-9187-808F9BD671FE}.Debug|x64.Build.0 = Debug|Any CPU
		{5E01947F-E2FC-43B1-9187-808F9BD671FE}.Debug|x86.ActiveCfg = Debug|Any CPU
		{5E01947F-E2FC-43B1-9187-808F9BD671FE}.Debug|x86.Build.0 = Debug|Any CPU
		{5E01947F-E2FC-43B1-9187-808F9BD671FE}.Release|Any CPU.ActiveCfg = Release|Any CPU
		{5E01947F-E2FC-43B1-9187-808F9BD671FE}.Release|Any CPU.Build.0 = Release|Any CPU
		{5E01947F-E2FC-43B1-9187-808F9BD671FE}.Release|x64.ActiveCfg = Release|Any CPU
		{5E01947F-E2FC-43B1-9187-808F9BD671FE}.Release|x64.Build.0 = Release|Any CPU
		{5E01947F-E2FC-43B1-9187-808F9BD671FE}.Release|x86.ActiveCfg = Release|Any CPU
		{5E01947F-E2FC-43B1-9187-808F9BD671FE}.Release|x86.Build.0 = Release|Any CPU
		{4F21EF6B-6A9C-44B8-8540-1AB85063A406}.Debug|Any CPU.ActiveCfg = Debug|Any CPU
		{4F21EF6B-6A9C-44B8-8540-1AB85063A406}.Debug|Any CPU.Build.0 = Debug|Any CPU
		{4F21EF6B-6A9C-44B8-8540-1AB85063A406}.Debug|x64.ActiveCfg = Debug|Any CPU
		{4F21EF6B-6A9C-44B8-8540-1AB85063A406}.Debug|x64.Build.0 = Debug|Any CPU
		{4F21EF6B-6A9C-44B8-8540-1AB85063A406}.Debug|x86.ActiveCfg = Debug|Any CPU
		{4F21EF6B-6A9C-44B8-8540-1AB85063A406}.Debug|x86.Build.0 = Debug|Any CPU
		{4F21EF6B-6A9C-44B8-8540-1AB85063A406}.Release|Any CPU.ActiveCfg = Release|Any CPU
		{4F21EF6B-6A9C-44B8-8540-1AB85063A406}.Release|Any CPU.Build.0 = Release|Any CPU
		{4F21EF6B-6A9C-44B8-8540-1AB85063A406}.Release|x64.ActiveCfg = Release|Any CPU
		{4F21EF6B-6A9C-44B8-8540-1AB85063A406}.Release|x64.Build.0 = Release|Any CPU
		{4F21EF6B-6A9C-44B8-8540-1AB85063A406}.Release|x86.ActiveCfg = Release|Any CPU
		{4F21EF6B-6A9C-44B8-8540-1AB85063A406}.Release|x86.Build.0 = Release|Any CPU
		{5ADAED9F-85B7-4664-A08C-C17F10912BBB}.Debug|Any CPU.ActiveCfg = Debug|Any CPU
		{5ADAED9F-85B7-4664-A08C-C17F10912BBB}.Debug|Any CPU.Build.0 = Debug|Any CPU
		{5ADAED9F-85B7-4664-A08C-C17F10912BBB}.Debug|x64.ActiveCfg = Debug|Any CPU
		{5ADAED9F-85B7-4664-A08C-C17F10912BBB}.Debug|x64.Build.0 = Debug|Any CPU
		{5ADAED9F-85B7-4664-A08C-C17F10912BBB}.Debug|x86.ActiveCfg = Debug|Any CPU
		{5ADAED9F-85B7-4664-A08C-C17F10912BBB}.Debug|x86.Build.0 = Debug|Any CPU
		{5ADAED9F-85B7-4664-A08C-C17F10912BBB}.Release|Any CPU.ActiveCfg = Release|Any CPU
		{5ADAED9F-85B7-4664-A08C-C17F10912BBB}.Release|Any CPU.Build.0 = Release|Any CPU
		{5ADAED9F-85B7-4664-A08C-C17F10912BBB}.Release|x64.ActiveCfg = Release|Any CPU
		{5ADAED9F-85B7-4664-A08C-C17F10912BBB}.Release|x64.Build.0 = Release|Any CPU
		{5ADAED9F-85B7-4664-A08C-C17F10912BBB}.Release|x86.ActiveCfg = Release|Any CPU
		{5ADAED9F-85B7-4664-A08C-C17F10912BBB}.Release|x86.Build.0 = Release|Any CPU
		{A819FB77-BF18-4CE1-8371-0351065495B9}.Debug|Any CPU.ActiveCfg = Debug|Any CPU
		{A819FB77-BF18-4CE1-8371-0351065495B9}.Debug|Any CPU.Build.0 = Debug|Any CPU
		{A819FB77-BF18-4CE1-8371-0351065495B9}.Debug|x64.ActiveCfg = Debug|Any CPU
		{A819FB77-BF18-4CE1-8371-0351065495B9}.Debug|x64.Build.0 = Debug|Any CPU
		{A819FB77-BF18-4CE1-8371-0351065495B9}.Debug|x86.ActiveCfg = Debug|Any CPU
		{A819FB77-BF18-4CE1-8371-0351065495B9}.Debug|x86.Build.0 = Debug|Any CPU
		{A819FB77-BF18-4CE1-8371-0351065495B9}.Release|Any CPU.ActiveCfg = Release|Any CPU
		{A819FB77-BF18-4CE1-8371-0351065495B9}.Release|Any CPU.Build.0 = Release|Any CPU
		{A819FB77-BF18-4CE1-8371-0351065495B9}.Release|x64.ActiveCfg = Release|Any CPU
		{A819FB77-BF18-4CE1-8371-0351065495B9}.Release|x64.Build.0 = Release|Any CPU
		{A819FB77-BF18-4CE1-8371-0351065495B9}.Release|x86.ActiveCfg = Release|Any CPU
		{A819FB77-BF18-4CE1-8371-0351065495B9}.Release|x86.Build.0 = Release|Any CPU
		{CBD5378C-1626-4684-9C44-783B267D77E0}.Debug|Any CPU.ActiveCfg = Debug|Any CPU
		{CBD5378C-1626-4684-9C44-783B267D77E0}.Debug|Any CPU.Build.0 = Debug|Any CPU
		{CBD5378C-1626-4684-9C44-783B267D77E0}.Debug|x64.ActiveCfg = Debug|Any CPU
		{CBD5378C-1626-4684-9C44-783B267D77E0}.Debug|x64.Build.0 = Debug|Any CPU
		{CBD5378C-1626-4684-9C44-783B267D77E0}.Debug|x86.ActiveCfg = Debug|Any CPU
		{CBD5378C-1626-4684-9C44-783B267D77E0}.Debug|x86.Build.0 = Debug|Any CPU
		{CBD5378C-1626-4684-9C44-783B267D77E0}.Release|Any CPU.ActiveCfg = Release|Any CPU
		{CBD5378C-1626-4684-9C44-783B267D77E0}.Release|Any CPU.Build.0 = Release|Any CPU
		{CBD5378C-1626-4684-9C44-783B267D77E0}.Release|x64.ActiveCfg = Release|Any CPU
		{CBD5378C-1626-4684-9C44-783B267D77E0}.Release|x64.Build.0 = Release|Any CPU
		{CBD5378C-1626-4684-9C44-783B267D77E0}.Release|x86.ActiveCfg = Release|Any CPU
		{CBD5378C-1626-4684-9C44-783B267D77E0}.Release|x86.Build.0 = Release|Any CPU
		{1BCFF2B5-A9CE-4CD8-91B2-6B52D599BB62}.Debug|Any CPU.ActiveCfg = Debug|Any CPU
		{1BCFF2B5-A9CE-4CD8-91B2-6B52D599BB62}.Debug|Any CPU.Build.0 = Debug|Any CPU
		{1BCFF2B5-A9CE-4CD8-91B2-6B52D599BB62}.Debug|x64.ActiveCfg = Debug|Any CPU
		{1BCFF2B5-A9CE-4CD8-91B2-6B52D599BB62}.Debug|x64.Build.0 = Debug|Any CPU
		{1BCFF2B5-A9CE-4CD8-91B2-6B52D599BB62}.Debug|x86.ActiveCfg = Debug|Any CPU
		{1BCFF2B5-A9CE-4CD8-91B2-6B52D599BB62}.Debug|x86.Build.0 = Debug|Any CPU
		{1BCFF2B5-A9CE-4CD8-91B2-6B52D599BB62}.Release|Any CPU.ActiveCfg = Release|Any CPU
		{1BCFF2B5-A9CE-4CD8-91B2-6B52D599BB62}.Release|Any CPU.Build.0 = Release|Any CPU
		{1BCFF2B5-A9CE-4CD8-91B2-6B52D599BB62}.Release|x64.ActiveCfg = Release|Any CPU
		{1BCFF2B5-A9CE-4CD8-91B2-6B52D599BB62}.Release|x64.Build.0 = Release|Any CPU
		{1BCFF2B5-A9CE-4CD8-91B2-6B52D599BB62}.Release|x86.ActiveCfg = Release|Any CPU
		{1BCFF2B5-A9CE-4CD8-91B2-6B52D599BB62}.Release|x86.Build.0 = Release|Any CPU
		{94B2F32C-4B4E-4363-BFBE-977A753785F3}.Debug|Any CPU.ActiveCfg = Debug|Any CPU
		{94B2F32C-4B4E-4363-BFBE-977A753785F3}.Debug|Any CPU.Build.0 = Debug|Any CPU
		{94B2F32C-4B4E-4363-BFBE-977A753785F3}.Debug|x64.ActiveCfg = Debug|Any CPU
		{94B2F32C-4B4E-4363-BFBE-977A753785F3}.Debug|x64.Build.0 = Debug|Any CPU
		{94B2F32C-4B4E-4363-BFBE-977A753785F3}.Debug|x86.ActiveCfg = Debug|Any CPU
		{94B2F32C-4B4E-4363-BFBE-977A753785F3}.Debug|x86.Build.0 = Debug|Any CPU
		{94B2F32C-4B4E-4363-BFBE-977A753785F3}.Release|Any CPU.ActiveCfg = Release|Any CPU
		{94B2F32C-4B4E-4363-BFBE-977A753785F3}.Release|Any CPU.Build.0 = Release|Any CPU
		{94B2F32C-4B4E-4363-BFBE-977A753785F3}.Release|x64.ActiveCfg = Release|Any CPU
		{94B2F32C-4B4E-4363-BFBE-977A753785F3}.Release|x64.Build.0 = Release|Any CPU
		{94B2F32C-4B4E-4363-BFBE-977A753785F3}.Release|x86.ActiveCfg = Release|Any CPU
		{94B2F32C-4B4E-4363-BFBE-977A753785F3}.Release|x86.Build.0 = Release|Any CPU
		{F2E0EC91-EF80-4174-956F-BEB0AAC20B03}.Debug|Any CPU.ActiveCfg = Debug|Any CPU
		{F2E0EC91-EF80-4174-956F-BEB0AAC20B03}.Debug|Any CPU.Build.0 = Debug|Any CPU
		{F2E0EC91-EF80-4174-956F-BEB0AAC20B03}.Debug|x64.ActiveCfg = Debug|Any CPU
		{F2E0EC91-EF80-4174-956F-BEB0AAC20B03}.Debug|x64.Build.0 = Debug|Any CPU
		{F2E0EC91-EF80-4174-956F-BEB0AAC20B03}.Debug|x86.ActiveCfg = Debug|Any CPU
		{F2E0EC91-EF80-4174-956F-BEB0AAC20B03}.Debug|x86.Build.0 = Debug|Any CPU
		{F2E0EC91-EF80-4174-956F-BEB0AAC20B03}.Release|Any CPU.ActiveCfg = Release|Any CPU
		{F2E0EC91-EF80-4174-956F-BEB0AAC20B03}.Release|Any CPU.Build.0 = Release|Any CPU
		{F2E0EC91-EF80-4174-956F-BEB0AAC20B03}.Release|x64.ActiveCfg = Release|Any CPU
		{F2E0EC91-EF80-4174-956F-BEB0AAC20B03}.Release|x64.Build.0 = Release|Any CPU
		{F2E0EC91-EF80-4174-956F-BEB0AAC20B03}.Release|x86.ActiveCfg = Release|Any CPU
		{F2E0EC91-EF80-4174-956F-BEB0AAC20B03}.Release|x86.Build.0 = Release|Any CPU
		{6AC6D45D-A36C-4C80-B82B-92ED3E558D84}.Debug|Any CPU.ActiveCfg = Debug|Any CPU
		{6AC6D45D-A36C-4C80-B82B-92ED3E558D84}.Debug|Any CPU.Build.0 = Debug|Any CPU
		{6AC6D45D-A36C-4C80-B82B-92ED3E558D84}.Debug|x64.ActiveCfg = Debug|Any CPU
		{6AC6D45D-A36C-4C80-B82B-92ED3E558D84}.Debug|x64.Build.0 = Debug|Any CPU
		{6AC6D45D-A36C-4C80-B82B-92ED3E558D84}.Debug|x86.ActiveCfg = Debug|Any CPU
		{6AC6D45D-A36C-4C80-B82B-92ED3E558D84}.Debug|x86.Build.0 = Debug|Any CPU
		{6AC6D45D-A36C-4C80-B82B-92ED3E558D84}.Release|Any CPU.ActiveCfg = Release|Any CPU
		{6AC6D45D-A36C-4C80-B82B-92ED3E558D84}.Release|Any CPU.Build.0 = Release|Any CPU
		{6AC6D45D-A36C-4C80-B82B-92ED3E558D84}.Release|x64.ActiveCfg = Release|Any CPU
		{6AC6D45D-A36C-4C80-B82B-92ED3E558D84}.Release|x64.Build.0 = Release|Any CPU
		{6AC6D45D-A36C-4C80-B82B-92ED3E558D84}.Release|x86.ActiveCfg = Release|Any CPU
		{6AC6D45D-A36C-4C80-B82B-92ED3E558D84}.Release|x86.Build.0 = Release|Any CPU
		{5C9B9C2A-28DE-47A8-A024-C5E09F54A898}.Debug|Any CPU.ActiveCfg = Debug|Any CPU
		{5C9B9C2A-28DE-47A8-A024-C5E09F54A898}.Debug|Any CPU.Build.0 = Debug|Any CPU
		{5C9B9C2A-28DE-47A8-A024-C5E09F54A898}.Debug|x64.ActiveCfg = Debug|Any CPU
		{5C9B9C2A-28DE-47A8-A024-C5E09F54A898}.Debug|x64.Build.0 = Debug|Any CPU
		{5C9B9C2A-28DE-47A8-A024-C5E09F54A898}.Debug|x86.ActiveCfg = Debug|Any CPU
		{5C9B9C2A-28DE-47A8-A024-C5E09F54A898}.Debug|x86.Build.0 = Debug|Any CPU
		{5C9B9C2A-28DE-47A8-A024-C5E09F54A898}.Release|Any CPU.ActiveCfg = Release|Any CPU
		{5C9B9C2A-28DE-47A8-A024-C5E09F54A898}.Release|Any CPU.Build.0 = Release|Any CPU
		{5C9B9C2A-28DE-47A8-A024-C5E09F54A898}.Release|x64.ActiveCfg = Release|Any CPU
		{5C9B9C2A-28DE-47A8-A024-C5E09F54A898}.Release|x64.Build.0 = Release|Any CPU
		{5C9B9C2A-28DE-47A8-A024-C5E09F54A898}.Release|x86.ActiveCfg = Release|Any CPU
		{5C9B9C2A-28DE-47A8-A024-C5E09F54A898}.Release|x86.Build.0 = Release|Any CPU
		{CFF61297-EFF5-4E76-BAD4-15EF6EF78237}.Debug|Any CPU.ActiveCfg = Debug|Any CPU
		{CFF61297-EFF5-4E76-BAD4-15EF6EF78237}.Debug|Any CPU.Build.0 = Debug|Any CPU
		{CFF61297-EFF5-4E76-BAD4-15EF6EF78237}.Debug|x64.ActiveCfg = Debug|Any CPU
		{CFF61297-EFF5-4E76-BAD4-15EF6EF78237}.Debug|x64.Build.0 = Debug|Any CPU
		{CFF61297-EFF5-4E76-BAD4-15EF6EF78237}.Debug|x86.ActiveCfg = Debug|Any CPU
		{CFF61297-EFF5-4E76-BAD4-15EF6EF78237}.Debug|x86.Build.0 = Debug|Any CPU
		{CFF61297-EFF5-4E76-BAD4-15EF6EF78237}.Release|Any CPU.ActiveCfg = Release|Any CPU
		{CFF61297-EFF5-4E76-BAD4-15EF6EF78237}.Release|Any CPU.Build.0 = Release|Any CPU
		{CFF61297-EFF5-4E76-BAD4-15EF6EF78237}.Release|x64.ActiveCfg = Release|Any CPU
		{CFF61297-EFF5-4E76-BAD4-15EF6EF78237}.Release|x64.Build.0 = Release|Any CPU
		{CFF61297-EFF5-4E76-BAD4-15EF6EF78237}.Release|x86.ActiveCfg = Release|Any CPU
		{CFF61297-EFF5-4E76-BAD4-15EF6EF78237}.Release|x86.Build.0 = Release|Any CPU
		{FCA4D40F-56F8-474C-87E8-FA2E126640D7}.Debug|Any CPU.ActiveCfg = Debug|Any CPU
		{FCA4D40F-56F8-474C-87E8-FA2E126640D7}.Debug|Any CPU.Build.0 = Debug|Any CPU
		{FCA4D40F-56F8-474C-87E8-FA2E126640D7}.Debug|x64.ActiveCfg = Debug|Any CPU
		{FCA4D40F-56F8-474C-87E8-FA2E126640D7}.Debug|x64.Build.0 = Debug|Any CPU
		{FCA4D40F-56F8-474C-87E8-FA2E126640D7}.Debug|x86.ActiveCfg = Debug|Any CPU
		{FCA4D40F-56F8-474C-87E8-FA2E126640D7}.Debug|x86.Build.0 = Debug|Any CPU
		{FCA4D40F-56F8-474C-87E8-FA2E126640D7}.Release|Any CPU.ActiveCfg = Release|Any CPU
		{FCA4D40F-56F8-474C-87E8-FA2E126640D7}.Release|Any CPU.Build.0 = Release|Any CPU
		{FCA4D40F-56F8-474C-87E8-FA2E126640D7}.Release|x64.ActiveCfg = Release|Any CPU
		{FCA4D40F-56F8-474C-87E8-FA2E126640D7}.Release|x64.Build.0 = Release|Any CPU
		{FCA4D40F-56F8-474C-87E8-FA2E126640D7}.Release|x86.ActiveCfg = Release|Any CPU
		{FCA4D40F-56F8-474C-87E8-FA2E126640D7}.Release|x86.Build.0 = Release|Any CPU
	EndGlobalSection
	GlobalSection(SolutionProperties) = preSolution
		HideSolutionNode = FALSE
	EndGlobalSection
	GlobalSection(NestedProjects) = preSolution
		{C55F1101-0F7A-49C6-B0E2-4988E5A79CB2} = {827E0CD3-B72D-47B6-A68D-7590B98EB39B}
		{2D07A1C8-AB30-4027-A8E0-7386265E6668} = {827E0CD3-B72D-47B6-A68D-7590B98EB39B}
		{7F31D06A-39E0-4AAB-9590-BC28CAA04DAC} = {827E0CD3-B72D-47B6-A68D-7590B98EB39B}
		{7E73AD97-B738-4A8D-AB58-D95CC67104E9} = {827E0CD3-B72D-47B6-A68D-7590B98EB39B}
		{78EC85DE-BD18-4B80-BB88-349591DAE64A} = {827E0CD3-B72D-47B6-A68D-7590B98EB39B}
		{F991181B-6007-4223-965E-934A3359D84F} = {827E0CD3-B72D-47B6-A68D-7590B98EB39B}
		{2E8444D7-C0FC-4C36-B852-5E811BA16FA2} = {827E0CD3-B72D-47B6-A68D-7590B98EB39B}
		{7705387F-D1C9-414B-AE01-3C0BE04B4B27} = {827E0CD3-B72D-47B6-A68D-7590B98EB39B}
		{56DE3007-D487-43AC-BECE-B9BF914046C8} = {827E0CD3-B72D-47B6-A68D-7590B98EB39B}
		{87A92E24-5374-4F31-92B3-5E21E2D276F8} = {827E0CD3-B72D-47B6-A68D-7590B98EB39B}
		{0E38CCD7-BD34-4740-BDA3-9F13ABFC31FE} = {827E0CD3-B72D-47B6-A68D-7590B98EB39B}
		{0F413AFD-AA00-45DE-9775-5F2E38DFEA33} = {827E0CD3-B72D-47B6-A68D-7590B98EB39B}
		{67A37B5A-8406-4021-B64D-83BFE94844CB} = {827E0CD3-B72D-47B6-A68D-7590B98EB39B}
		{5E01947F-E2FC-43B1-9187-808F9BD671FE} = {827E0CD3-B72D-47B6-A68D-7590B98EB39B}
		{4F21EF6B-6A9C-44B8-8540-1AB85063A406} = {0AB3BF05-4346-4AA6-1389-037BE0695223}
		{5ADAED9F-85B7-4664-A08C-C17F10912BBB} = {0AB3BF05-4346-4AA6-1389-037BE0695223}
		{A819FB77-BF18-4CE1-8371-0351065495B9} = {0AB3BF05-4346-4AA6-1389-037BE0695223}
		{CBD5378C-1626-4684-9C44-783B267D77E0} = {0AB3BF05-4346-4AA6-1389-037BE0695223}
		{1BCFF2B5-A9CE-4CD8-91B2-6B52D599BB62} = {0AB3BF05-4346-4AA6-1389-037BE0695223}
		{94B2F32C-4B4E-4363-BFBE-977A753785F3} = {0AB3BF05-4346-4AA6-1389-037BE0695223}
		{F2E0EC91-EF80-4174-956F-BEB0AAC20B03} = {0AB3BF05-4346-4AA6-1389-037BE0695223}
		{6AC6D45D-A36C-4C80-B82B-92ED3E558D84} = {B36A84DF-456D-A817-6EDD-3EC3E7F6E11F}
		{5C9B9C2A-28DE-47A8-A024-C5E09F54A898} = {B36A84DF-456D-A817-6EDD-3EC3E7F6E11F}
		{CFF61297-EFF5-4E76-BAD4-15EF6EF78237} = {B36A84DF-456D-A817-6EDD-3EC3E7F6E11F}
		{FCA4D40F-56F8-474C-87E8-FA2E126640D7} = {0AB3BF05-4346-4AA6-1389-037BE0695223}
	EndGlobalSection
EndGlobal
